// !$*UTF8*$!
{
	archiveVersion = 1;
	classes = {
	};
	objectVersion = 70;
	objects = {

/* Begin PBXBuildFile section */
		BC8DE5E02CA9D0FD00A603EE /* NavigationView.swift in Sources */ = {isa = PBXBuildFile; fileRef = BC8DE5DF2CA9D0FD00A603EE /* NavigationView.swift */; };
		BC9301742CA099AD00849595 /* LiveCodeDemoApp.swift in Sources */ = {isa = PBXBuildFile; fileRef = BC9301732CA099AD00849595 /* LiveCodeDemoApp.swift */; };
		BC9301762CA099AD00849595 /* ContentView.swift in Sources */ = {isa = PBXBuildFile; fileRef = BC9301752CA099AD00849595 /* ContentView.swift */; };
		BC9301782CA099AF00849595 /* Assets.xcassets in Resources */ = {isa = PBXBuildFile; fileRef = BC9301772CA099AF00849595 /* Assets.xcassets */; };
		BC93017B2CA099AF00849595 /* Preview Assets.xcassets in Resources */ = {isa = PBXBuildFile; fileRef = BC93017A2CA099AF00849595 /* Preview Assets.xcassets */; };
/* End PBXBuildFile section */

/* Begin PBXContainerItemProxy section */
		BC9301812CA099AF00849595 /* PBXContainerItemProxy */ = {
			isa = PBXContainerItemProxy;
			containerPortal = BC9301682CA099AD00849595 /* Project object */;
			proxyType = 1;
			remoteGlobalIDString = BC93016F2CA099AD00849595;
			remoteInfo = LiveCodeDemo;
		};
		BC93018B2CA099AF00849595 /* PBXContainerItemProxy */ = {
			isa = PBXContainerItemProxy;
			containerPortal = BC9301682CA099AD00849595 /* Project object */;
			proxyType = 1;
			remoteGlobalIDString = BC93016F2CA099AD00849595;
			remoteInfo = LiveCodeDemo;
		};
/* End PBXContainerItemProxy section */

/* Begin PBXFileReference section */
		BC8DE5DF2CA9D0FD00A603EE /* NavigationView.swift */ = {isa = PBXFileReference; lastKnownFileType = sourcecode.swift; path = NavigationView.swift; sourceTree = "<group>"; };
		BC9301702CA099AD00849595 /* DevClassApp.app */ = {isa = PBXFileReference; explicitFileType = wrapper.application; includeInIndex = 0; path = DevClassApp.app; sourceTree = BUILT_PRODUCTS_DIR; };
		BC9301732CA099AD00849595 /* LiveCodeDemoApp.swift */ = {isa = PBXFileReference; lastKnownFileType = sourcecode.swift; path = LiveCodeDemoApp.swift; sourceTree = "<group>"; };
		BC9301752CA099AD00849595 /* ContentView.swift */ = {isa = PBXFileReference; lastKnownFileType = sourcecode.swift; path = ContentView.swift; sourceTree = "<group>"; };
		BC9301772CA099AF00849595 /* Assets.xcassets */ = {isa = PBXFileReference; lastKnownFileType = folder.assetcatalog; path = Assets.xcassets; sourceTree = "<group>"; };
		BC93017A2CA099AF00849595 /* Preview Assets.xcassets */ = {isa = PBXFileReference; lastKnownFileType = folder.assetcatalog; path = "Preview Assets.xcassets"; sourceTree = "<group>"; };
		BC9301802CA099AF00849595 /* DevClassAppTests.xctest */ = {isa = PBXFileReference; explicitFileType = wrapper.cfbundle; includeInIndex = 0; path = DevClassAppTests.xctest; sourceTree = BUILT_PRODUCTS_DIR; };
		BC93018A2CA099AF00849595 /* DevClassAppUITests.xctest */ = {isa = PBXFileReference; explicitFileType = wrapper.cfbundle; includeInIndex = 0; path = DevClassAppUITests.xctest; sourceTree = BUILT_PRODUCTS_DIR; };
/* End PBXFileReference section */

/* Begin PBXFileSystemSynchronizedRootGroup section */
		BC0D2C022CAB8EC10012730E /* Models */ = {isa = PBXFileSystemSynchronizedRootGroup; explicitFileTypes = {}; explicitFolders = (); path = Models; sourceTree = "<group>"; };
/* End PBXFileSystemSynchronizedRootGroup section */

/* Begin PBXFrameworksBuildPhase section */
		BC93016D2CA099AD00849595 /* Frameworks */ = {
			isa = PBXFrameworksBuildPhase;
			buildActionMask = 2147483647;
			files = (
			);
			runOnlyForDeploymentPostprocessing = 0;
		};
		BC93017D2CA099AF00849595 /* Frameworks */ = {
			isa = PBXFrameworksBuildPhase;
			buildActionMask = 2147483647;
			files = (
			);
			runOnlyForDeploymentPostprocessing = 0;
		};
		BC9301872CA099AF00849595 /* Frameworks */ = {
			isa = PBXFrameworksBuildPhase;
			buildActionMask = 2147483647;
			files = (
			);
			runOnlyForDeploymentPostprocessing = 0;
		};
/* End PBXFrameworksBuildPhase section */

/* Begin PBXGroup section */
		BC9301672CA099AD00849595 = {
			isa = PBXGroup;
			children = (
				BC9301722CA099AD00849595 /* LiveCodeDemo */,
				BC9301712CA099AD00849595 /* Products */,
			);
			sourceTree = "<group>";
		};
		BC9301712CA099AD00849595 /* Products */ = {
			isa = PBXGroup;
			children = (
				BC9301702CA099AD00849595 /* DevClassApp.app */,
				BC9301802CA099AF00849595 /* DevClassAppTests.xctest */,
				BC93018A2CA099AF00849595 /* DevClassAppUITests.xctest */,
			);
			name = Products;
			sourceTree = "<group>";
		};
		BC9301722CA099AD00849595 /* LiveCodeDemo */ = {
			isa = PBXGroup;
			children = (
				BC0D2C022CAB8EC10012730E /* Models */,
				BC9301732CA099AD00849595 /* LiveCodeDemoApp.swift */,
				BC9301752CA099AD00849595 /* ContentView.swift */,
				BC8DE5DF2CA9D0FD00A603EE /* NavigationView.swift */,
				BC9301772CA099AF00849595 /* Assets.xcassets */,
				BC9301792CA099AF00849595 /* Preview Content */,
			);
			path = LiveCodeDemo;
			sourceTree = "<group>";
		};
		BC9301792CA099AF00849595 /* Preview Content */ = {
			isa = PBXGroup;
			children = (
				BC93017A2CA099AF00849595 /* Preview Assets.xcassets */,
			);
			path = "Preview Content";
			sourceTree = "<group>";
		};
/* End PBXGroup section */

/* Begin PBXNativeTarget section */
		BC93016F2CA099AD00849595 /* DevClassApp */ = {
			isa = PBXNativeTarget;
			buildConfigurationList = BC9301942CA099AF00849595 /* Build configuration list for PBXNativeTarget "DevClassApp" */;
			buildPhases = (
				BC93016C2CA099AD00849595 /* Sources */,
				BC93016D2CA099AD00849595 /* Frameworks */,
				BC93016E2CA099AD00849595 /* Resources */,
			);
			buildRules = (
			);
			dependencies = (
			);
			fileSystemSynchronizedGroups = (
				BC0D2C022CAB8EC10012730E /* Models */,
			);
			name = DevClassApp;
			productName = LiveCodeDemo;
			productReference = BC9301702CA099AD00849595 /* DevClassApp.app */;
			productType = "com.apple.product-type.application";
		};
		BC93017F2CA099AF00849595 /* DevClassAppTests */ = {
			isa = PBXNativeTarget;
			buildConfigurationList = BC9301972CA099AF00849595 /* Build configuration list for PBXNativeTarget "DevClassAppTests" */;
			buildPhases = (
				BC93017C2CA099AF00849595 /* Sources */,
				BC93017D2CA099AF00849595 /* Frameworks */,
				BC93017E2CA099AF00849595 /* Resources */,
			);
			buildRules = (
			);
			dependencies = (
				BC9301822CA099AF00849595 /* PBXTargetDependency */,
			);
			name = DevClassAppTests;
			productName = LiveCodeDemoTests;
			productReference = BC9301802CA099AF00849595 /* DevClassAppTests.xctest */;
			productType = "com.apple.product-type.bundle.unit-test";
		};
		BC9301892CA099AF00849595 /* DevClassAppUITests */ = {
			isa = PBXNativeTarget;
			buildConfigurationList = BC93019A2CA099AF00849595 /* Build configuration list for PBXNativeTarget "DevClassAppUITests" */;
			buildPhases = (
				BC9301862CA099AF00849595 /* Sources */,
				BC9301872CA099AF00849595 /* Frameworks */,
				BC9301882CA099AF00849595 /* Resources */,
			);
			buildRules = (
			);
			dependencies = (
				BC93018C2CA099AF00849595 /* PBXTargetDependency */,
			);
			name = DevClassAppUITests;
			productName = LiveCodeDemoUITests;
			productReference = BC93018A2CA099AF00849595 /* DevClassAppUITests.xctest */;
			productType = "com.apple.product-type.bundle.ui-testing";
		};
/* End PBXNativeTarget section */

/* Begin PBXProject section */
		BC9301682CA099AD00849595 /* Project object */ = {
			isa = PBXProject;
			attributes = {
				BuildIndependentTargetsInParallel = 1;
				LastSwiftUpdateCheck = 1540;
				LastUpgradeCheck = 1540;
				TargetAttributes = {
					BC93016F2CA099AD00849595 = {
						CreatedOnToolsVersion = 15.4;
					};
					BC93017F2CA099AF00849595 = {
						CreatedOnToolsVersion = 15.4;
						TestTargetID = BC93016F2CA099AD00849595;
					};
					BC9301892CA099AF00849595 = {
						CreatedOnToolsVersion = 15.4;
						TestTargetID = BC93016F2CA099AD00849595;
					};
				};
			};
			buildConfigurationList = BC93016B2CA099AD00849595 /* Build configuration list for PBXProject "DevClassApp" */;
			compatibilityVersion = "Xcode 14.0";
			developmentRegion = en;
			hasScannedForEncodings = 0;
			knownRegions = (
				en,
				Base,
			);
			mainGroup = BC9301672CA099AD00849595;
			productRefGroup = BC9301712CA099AD00849595 /* Products */;
			projectDirPath = "";
			projectRoot = "";
			targets = (
				BC93016F2CA099AD00849595 /* DevClassApp */,
				BC93017F2CA099AF00849595 /* DevClassAppTests */,
				BC9301892CA099AF00849595 /* DevClassAppUITests */,
			);
		};
/* End PBXProject section */

/* Begin PBXResourcesBuildPhase section */
		BC93016E2CA099AD00849595 /* Resources */ = {
			isa = PBXResourcesBuildPhase;
			buildActionMask = 2147483647;
			files = (
				BC93017B2CA099AF00849595 /* Preview Assets.xcassets in Resources */,
				BC9301782CA099AF00849595 /* Assets.xcassets in Resources */,
			);
			runOnlyForDeploymentPostprocessing = 0;
		};
		BC93017E2CA099AF00849595 /* Resources */ = {
			isa = PBXResourcesBuildPhase;
			buildActionMask = 2147483647;
			files = (
			);
			runOnlyForDeploymentPostprocessing = 0;
		};
		BC9301882CA099AF00849595 /* Resources */ = {
			isa = PBXResourcesBuildPhase;
			buildActionMask = 2147483647;
			files = (
			);
			runOnlyForDeploymentPostprocessing = 0;
		};
/* End PBXResourcesBuildPhase section */

/* Begin PBXSourcesBuildPhase section */
		BC93016C2CA099AD00849595 /* Sources */ = {
			isa = PBXSourcesBuildPhase;
			buildActionMask = 2147483647;
			files = (
				BC9301762CA099AD00849595 /* ContentView.swift in Sources */,
				BC8DE5E02CA9D0FD00A603EE /* NavigationView.swift in Sources */,
				BC9301742CA099AD00849595 /* LiveCodeDemoApp.swift in Sources */,
			);
			runOnlyForDeploymentPostprocessing = 0;
		};
		BC93017C2CA099AF00849595 /* Sources */ = {
			isa = PBXSourcesBuildPhase;
			buildActionMask = 2147483647;
			files = (
			);
			runOnlyForDeploymentPostprocessing = 0;
		};
		BC9301862CA099AF00849595 /* Sources */ = {
			isa = PBXSourcesBuildPhase;
			buildActionMask = 2147483647;
			files = (
			);
			runOnlyForDeploymentPostprocessing = 0;
		};
/* End PBXSourcesBuildPhase section */

/* Begin PBXTargetDependency section */
		BC9301822CA099AF00849595 /* PBXTargetDependency */ = {
			isa = PBXTargetDependency;
			target = BC93016F2CA099AD00849595 /* DevClassApp */;
			targetProxy = BC9301812CA099AF00849595 /* PBXContainerItemProxy */;
		};
		BC93018C2CA099AF00849595 /* PBXTargetDependency */ = {
			isa = PBXTargetDependency;
			target = BC93016F2CA099AD00849595 /* DevClassApp */;
			targetProxy = BC93018B2CA099AF00849595 /* PBXContainerItemProxy */;
		};
/* End PBXTargetDependency section */

/* Begin XCBuildConfiguration section */
		BC9301922CA099AF00849595 /* Debug */ = {
			isa = XCBuildConfiguration;
			buildSettings = {
				ALWAYS_SEARCH_USER_PATHS = NO;
				ASSETCATALOG_COMPILER_GENERATE_SWIFT_ASSET_SYMBOL_EXTENSIONS = YES;
				CLANG_ANALYZER_NONNULL = YES;
				CLANG_ANALYZER_NUMBER_OBJECT_CONVERSION = YES_AGGRESSIVE;
				CLANG_CXX_LANGUAGE_STANDARD = "gnu++20";
				CLANG_ENABLE_MODULES = YES;
				CLANG_ENABLE_OBJC_ARC = YES;
				CLANG_ENABLE_OBJC_WEAK = YES;
				CLANG_WARN_BLOCK_CAPTURE_AUTORELEASING = YES;
				CLANG_WARN_BOOL_CONVERSION = YES;
				CLANG_WARN_COMMA = YES;
				CLANG_WARN_CONSTANT_CONVERSION = YES;
				CLANG_WARN_DEPRECATED_OBJC_IMPLEMENTATIONS = YES;
				CLANG_WARN_DIRECT_OBJC_ISA_USAGE = YES_ERROR;
				CLANG_WARN_DOCUMENTATION_COMMENTS = YES;
				CLANG_WARN_EMPTY_BODY = YES;
				CLANG_WARN_ENUM_CONVERSION = YES;
				CLANG_WARN_INFINITE_RECURSION = YES;
				CLANG_WARN_INT_CONVERSION = YES;
				CLANG_WARN_NON_LITERAL_NULL_CONVERSION = YES;
				CLANG_WARN_OBJC_IMPLICIT_RETAIN_SELF = YES;
				CLANG_WARN_OBJC_LITERAL_CONVERSION = YES;
				CLANG_WARN_OBJC_ROOT_CLASS = YES_ERROR;
				CLANG_WARN_QUOTED_INCLUDE_IN_FRAMEWORK_HEADER = YES;
				CLANG_WARN_RANGE_LOOP_ANALYSIS = YES;
				CLANG_WARN_STRICT_PROTOTYPES = YES;
				CLANG_WARN_SUSPICIOUS_MOVE = YES;
				CLANG_WARN_UNGUARDED_AVAILABILITY = YES_AGGRESSIVE;
				CLANG_WARN_UNREACHABLE_CODE = YES;
				CLANG_WARN__DUPLICATE_METHOD_MATCH = YES;
				COPY_PHASE_STRIP = NO;
				DEBUG_INFORMATION_FORMAT = dwarf;
				ENABLE_STRICT_OBJC_MSGSEND = YES;
				ENABLE_TESTABILITY = YES;
				ENABLE_USER_SCRIPT_SANDBOXING = YES;
				GCC_C_LANGUAGE_STANDARD = gnu17;
				GCC_DYNAMIC_NO_PIC = NO;
				GCC_NO_COMMON_BLOCKS = YES;
				GCC_OPTIMIZATION_LEVEL = 0;
				GCC_PREPROCESSOR_DEFINITIONS = (
					"DEBUG=1",
					"$(inherited)",
				);
				GCC_WARN_64_TO_32_BIT_CONVERSION = YES;
				GCC_WARN_ABOUT_RETURN_TYPE = YES_ERROR;
				GCC_WARN_UNDECLARED_SELECTOR = YES;
				GCC_WARN_UNINITIALIZED_AUTOS = YES_AGGRESSIVE;
				GCC_WARN_UNUSED_FUNCTION = YES;
				GCC_WARN_UNUSED_VARIABLE = YES;
				IPHONEOS_DEPLOYMENT_TARGET = 17.5;
				LOCALIZATION_PREFERS_STRING_CATALOGS = YES;
				MTL_ENABLE_DEBUG_INFO = INCLUDE_SOURCE;
				MTL_FAST_MATH = YES;
				ONLY_ACTIVE_ARCH = YES;
				SDKROOT = iphoneos;
				SWIFT_ACTIVE_COMPILATION_CONDITIONS = "DEBUG $(inherited)";
				SWIFT_OPTIMIZATION_LEVEL = "-Onone";
			};
			name = Debug;
		};
		BC9301932CA099AF00849595 /* Release */ = {
			isa = XCBuildConfiguration;
			buildSettings = {
				ALWAYS_SEARCH_USER_PATHS = NO;
				ASSETCATALOG_COMPILER_GENERATE_SWIFT_ASSET_SYMBOL_EXTENSIONS = YES;
				CLANG_ANALYZER_NONNULL = YES;
				CLANG_ANALYZER_NUMBER_OBJECT_CONVERSION = YES_AGGRESSIVE;
				CLANG_CXX_LANGUAGE_STANDARD = "gnu++20";
				CLANG_ENABLE_MODULES = YES;
				CLANG_ENABLE_OBJC_ARC = YES;
				CLANG_ENABLE_OBJC_WEAK = YES;
				CLANG_WARN_BLOCK_CAPTURE_AUTORELEASING = YES;
				CLANG_WARN_BOOL_CONVERSION = YES;
				CLANG_WARN_COMMA = YES;
				CLANG_WARN_CONSTANT_CONVERSION = YES;
				CLANG_WARN_DEPRECATED_OBJC_IMPLEMENTATIONS = YES;
				CLANG_WARN_DIRECT_OBJC_ISA_USAGE = YES_ERROR;
				CLANG_WARN_DOCUMENTATION_COMMENTS = YES;
				CLANG_WARN_EMPTY_BODY = YES;
				CLANG_WARN_ENUM_CONVERSION = YES;
				CLANG_WARN_INFINITE_RECURSION = YES;
				CLANG_WARN_INT_CONVERSION = YES;
				CLANG_WARN_NON_LITERAL_NULL_CONVERSION = YES;
				CLANG_WARN_OBJC_IMPLICIT_RETAIN_SELF = YES;
				CLANG_WARN_OBJC_LITERAL_CONVERSION = YES;
				CLANG_WARN_OBJC_ROOT_CLASS = YES_ERROR;
				CLANG_WARN_QUOTED_INCLUDE_IN_FRAMEWORK_HEADER = YES;
				CLANG_WARN_RANGE_LOOP_ANALYSIS = YES;
				CLANG_WARN_STRICT_PROTOTYPES = YES;
				CLANG_WARN_SUSPICIOUS_MOVE = YES;
				CLANG_WARN_UNGUARDED_AVAILABILITY = YES_AGGRESSIVE;
				CLANG_WARN_UNREACHABLE_CODE = YES;
				CLANG_WARN__DUPLICATE_METHOD_MATCH = YES;
				COPY_PHASE_STRIP = NO;
				DEBUG_INFORMATION_FORMAT = "dwarf-with-dsym";
				ENABLE_NS_ASSERTIONS = NO;
				ENABLE_STRICT_OBJC_MSGSEND = YES;
				ENABLE_USER_SCRIPT_SANDBOXING = YES;
				GCC_C_LANGUAGE_STANDARD = gnu17;
				GCC_NO_COMMON_BLOCKS = YES;
				GCC_WARN_64_TO_32_BIT_CONVERSION = YES;
				GCC_WARN_ABOUT_RETURN_TYPE = YES_ERROR;
				GCC_WARN_UNDECLARED_SELECTOR = YES;
				GCC_WARN_UNINITIALIZED_AUTOS = YES_AGGRESSIVE;
				GCC_WARN_UNUSED_FUNCTION = YES;
				GCC_WARN_UNUSED_VARIABLE = YES;
				IPHONEOS_DEPLOYMENT_TARGET = 17.5;
				LOCALIZATION_PREFERS_STRING_CATALOGS = YES;
				MTL_ENABLE_DEBUG_INFO = NO;
				MTL_FAST_MATH = YES;
				SDKROOT = iphoneos;
				SWIFT_COMPILATION_MODE = wholemodule;
				VALIDATE_PRODUCT = YES;
			};
			name = Release;
		};
		BC9301952CA099AF00849595 /* Debug */ = {
			isa = XCBuildConfiguration;
			buildSettings = {
				ASSETCATALOG_COMPILER_APPICON_NAME = AppIcon;
				ASSETCATALOG_COMPILER_GLOBAL_ACCENT_COLOR_NAME = AccentColor;
				CODE_SIGN_STYLE = Automatic;
				CURRENT_PROJECT_VERSION = 1;
				DEVELOPMENT_ASSET_PATHS = "\"LiveCodeDemo/Preview Content\"";
				ENABLE_PREVIEWS = YES;
				GENERATE_INFOPLIST_FILE = YES;
				INFOPLIST_KEY_UIApplicationSceneManifest_Generation = YES;
				INFOPLIST_KEY_UIApplicationSupportsIndirectInputEvents = YES;
				INFOPLIST_KEY_UILaunchScreen_Generation = YES;
				INFOPLIST_KEY_UISupportedInterfaceOrientations_iPad = "UIInterfaceOrientationPortrait UIInterfaceOrientationPortraitUpsideDown UIInterfaceOrientationLandscapeLeft UIInterfaceOrientationLandscapeRight";
				INFOPLIST_KEY_UISupportedInterfaceOrientations_iPhone = "UIInterfaceOrientationPortrait UIInterfaceOrientationLandscapeLeft UIInterfaceOrientationLandscapeRight";
				LD_RUNPATH_SEARCH_PATHS = (
					"$(inherited)",
					"@executable_path/Frameworks",
				);
				MARKETING_VERSION = 1.0;
				PRODUCT_BUNDLE_IDENTIFIER = com.example.LiveCodeDemo;
				PRODUCT_NAME = "$(TARGET_NAME)";
				SWIFT_EMIT_LOC_STRINGS = YES;
				SWIFT_VERSION = 5.0;
				TARGETED_DEVICE_FAMILY = "1,2";
			};
			name = Debug;
		};
		BC9301962CA099AF00849595 /* Release */ = {
			isa = XCBuildConfiguration;
			buildSettings = {
				ASSETCATALOG_COMPILER_APPICON_NAME = AppIcon;
				ASSETCATALOG_COMPILER_GLOBAL_ACCENT_COLOR_NAME = AccentColor;
				CODE_SIGN_STYLE = Automatic;
				CURRENT_PROJECT_VERSION = 1;
				DEVELOPMENT_ASSET_PATHS = "\"LiveCodeDemo/Preview Content\"";
				ENABLE_PREVIEWS = YES;
				GENERATE_INFOPLIST_FILE = YES;
				INFOPLIST_KEY_UIApplicationSceneManifest_Generation = YES;
				INFOPLIST_KEY_UIApplicationSupportsIndirectInputEvents = YES;
				INFOPLIST_KEY_UILaunchScreen_Generation = YES;
				INFOPLIST_KEY_UISupportedInterfaceOrientations_iPad = "UIInterfaceOrientationPortrait UIInterfaceOrientationPortraitUpsideDown UIInterfaceOrientationLandscapeLeft UIInterfaceOrientationLandscapeRight";
				INFOPLIST_KEY_UISupportedInterfaceOrientations_iPhone = "UIInterfaceOrientationPortrait UIInterfaceOrientationLandscapeLeft UIInterfaceOrientationLandscapeRight";
				LD_RUNPATH_SEARCH_PATHS = (
					"$(inherited)",
					"@executable_path/Frameworks",
				);
				MARKETING_VERSION = 1.0;
				PRODUCT_BUNDLE_IDENTIFIER = com.example.LiveCodeDemo;
				PRODUCT_NAME = "$(TARGET_NAME)";
				SWIFT_EMIT_LOC_STRINGS = YES;
				SWIFT_VERSION = 5.0;
				TARGETED_DEVICE_FAMILY = "1,2";
			};
			name = Release;
		};
		BC9301982CA099AF00849595 /* Debug */ = {
			isa = XCBuildConfiguration;
			buildSettings = {
				BUNDLE_LOADER = "$(TEST_HOST)";
				CODE_SIGN_STYLE = Automatic;
				CURRENT_PROJECT_VERSION = 1;
				GENERATE_INFOPLIST_FILE = YES;
				IPHONEOS_DEPLOYMENT_TARGET = 17.5;
				MARKETING_VERSION = 1.0;
				PRODUCT_BUNDLE_IDENTIFIER = com.example.LiveCodeDemoTests;
				PRODUCT_NAME = "$(TARGET_NAME)";
				SWIFT_EMIT_LOC_STRINGS = NO;
				SWIFT_VERSION = 5.0;
				TARGETED_DEVICE_FAMILY = "1,2";
				TEST_HOST = "$(BUILT_PRODUCTS_DIR)/DevClassApp.app/$(BUNDLE_EXECUTABLE_FOLDER_PATH)/DevClassApp";
			};
			name = Debug;
		};
		BC9301992CA099AF00849595 /* Release */ = {
			isa = XCBuildConfiguration;
			buildSettings = {
				BUNDLE_LOADER = "$(TEST_HOST)";
				CODE_SIGN_STYLE = Automatic;
				CURRENT_PROJECT_VERSION = 1;
				GENERATE_INFOPLIST_FILE = YES;
				IPHONEOS_DEPLOYMENT_TARGET = 17.5;
				MARKETING_VERSION = 1.0;
				PRODUCT_BUNDLE_IDENTIFIER = com.example.LiveCodeDemoTests;
				PRODUCT_NAME = "$(TARGET_NAME)";
				SWIFT_EMIT_LOC_STRINGS = NO;
				SWIFT_VERSION = 5.0;
				TARGETED_DEVICE_FAMILY = "1,2";
				TEST_HOST = "$(BUILT_PRODUCTS_DIR)/DevClassApp.app/$(BUNDLE_EXECUTABLE_FOLDER_PATH)/DevClassApp";
			};
			name = Release;
		};
		BC93019B2CA099AF00849595 /* Debug */ = {
			isa = XCBuildConfiguration;
			buildSettings = {
				CODE_SIGN_STYLE = Automatic;
				CURRENT_PROJECT_VERSION = 1;
				GENERATE_INFOPLIST_FILE = YES;
				MARKETING_VERSION = 1.0;
				PRODUCT_BUNDLE_IDENTIFIER = com.example.LiveCodeDemoUITests;
				PRODUCT_NAME = "$(TARGET_NAME)";
				SWIFT_EMIT_LOC_STRINGS = NO;
				SWIFT_VERSION = 5.0;
				TARGETED_DEVICE_FAMILY = "1,2";
				TEST_TARGET_NAME = LiveCodeDemo;
			};
			name = Debug;
		};
		BC93019C2CA099AF00849595 /* Release */ = {
			isa = XCBuildConfiguration;
			buildSettings = {
				CODE_SIGN_STYLE = Automatic;
				CURRENT_PROJECT_VERSION = 1;
				GENERATE_INFOPLIST_FILE = YES;
				MARKETING_VERSION = 1.0;
				PRODUCT_BUNDLE_IDENTIFIER = com.example.LiveCodeDemoUITests;
				PRODUCT_NAME = "$(TARGET_NAME)";
				SWIFT_EMIT_LOC_STRINGS = NO;
				SWIFT_VERSION = 5.0;
				TARGETED_DEVICE_FAMILY = "1,2";
				TEST_TARGET_NAME = LiveCodeDemo;
			};
			name = Release;
		};
/* End XCBuildConfiguration section */

/* Begin XCConfigurationList section */
		BC93016B2CA099AD00849595 /* Build configuration list for PBXProject "DevClassApp" */ = {
			isa = XCConfigurationList;
			buildConfigurations = (
				BC9301922CA099AF00849595 /* Debug */,
				BC9301932CA099AF00849595 /* Release */,
			);
			defaultConfigurationIsVisible = 0;
			defaultConfigurationName = Release;
		};
		BC9301942CA099AF00849595 /* Build configuration list for PBXNativeTarget "DevClassApp" */ = {
			isa = XCConfigurationList;
			buildConfigurations = (
				BC9301952CA099AF00849595 /* Debug */,
				BC9301962CA099AF00849595 /* Release */,
			);
			defaultConfigurationIsVisible = 0;
			defaultConfigurationName = Release;
		};
		BC9301972CA099AF00849595 /* Build configuration list for PBXNativeTarget "DevClassAppTests" */ = {
			isa = XCConfigurationList;
			buildConfigurations = (
				BC9301982CA099AF00849595 /* Debug */,
				BC9301992CA099AF00849595 /* Release */,
			);
			defaultConfigurationIsVisible = 0;
			defaultConfigurationName = Release;
		};
		BC93019A2CA099AF00849595 /* Build configuration list for PBXNativeTarget "DevClassAppUITests" */ = {
			isa = XCConfigurationList;
			buildConfigurations = (
				BC93019B2CA099AF00849595 /* Debug */,
				BC93019C2CA099AF00849595 /* Release */,
			);
			defaultConfigurationIsVisible = 0;
			defaultConfigurationName = Release;
		};
/* End XCConfigurationList section */
	};
	rootObject = BC9301682CA099AD00849595 /* Project object */;
}
